
Microsoft Visual Studio Solution File, Format Version 12.00
# Visual Studio 15
VisualStudioVersion = 15.0.26124.0
MinimumVisualStudioVersion = 15.0.26124.0
Project("{FAE04EC0-301F-11D3-BF4B-00C04F79EFBC}") = "RxStore", "RxStore\RxStore.csproj", "{D3539009-3233-47C6-A9A9-875A6798EA6F}"
EndProject
Project("{2150E333-8FDC-42A3-9474-1A3956D46DE8}") = "Demos", "Demos", "{F1221359-4E80-42E5-90FA-D1EA465C9AA7}"
EndProject
Project("{FAE04EC0-301F-11D3-BF4B-00C04F79EFBC}") = "Demos.BlazorDemo", "Demos\Demos.BlazorDemo\Demos.BlazorDemo.csproj", "{54AF35BB-3CDA-4D13-A774-87A87345B6E1}"
EndProject
Project("{2150E333-8FDC-42A3-9474-1A3956D46DE8}") = "Demos.BlazorFSharpDemo", "Demos.BlazorFSharpDemo", "{C3F83BB6-E5B0-43AF-AB5C-7CBA12E1C381}"
EndProject
Project("{FAE04EC0-301F-11D3-BF4B-00C04F79EFBC}") = "Demos.BlazorFSharpDemo.Client", "Demos\Demos.BlazorFSharpDemo\Demos.BlazorFSharpDemo.Client\Demos.BlazorFSharpDemo.Client.csproj", "{116B5F0C-DF23-430B-B7D6-55B881DFCAEC}"
EndProject
Project("{F2A71F9B-5D33-465A-A702-920D77279786}") = "Demos.BlazorFSharpDemo.State", "Demos\Demos.BlazorFSharpDemo\Demos.BlazorFSharpDemo.State\Demos.BlazorFSharpDemo.State.fsproj", "{E6F2DB32-076C-4F83-B504-C5143D9144A3}"
EndProject
Global
	GlobalSection(SolutionConfigurationPlatforms) = preSolution
		Debug|Any CPU = Debug|Any CPU
		Debug|x64 = Debug|x64
		Debug|x86 = Debug|x86
		Release|Any CPU = Release|Any CPU
		Release|x64 = Release|x64
		Release|x86 = Release|x86
	EndGlobalSection
	GlobalSection(SolutionProperties) = preSolution
		HideSolutionNode = FALSE
	EndGlobalSection
	GlobalSection(ProjectConfigurationPlatforms) = postSolution
		{D3539009-3233-47C6-A9A9-875A6798EA6F}.Debug|Any CPU.ActiveCfg = Debug|Any CPU
		{D3539009-3233-47C6-A9A9-875A6798EA6F}.Debug|Any CPU.Build.0 = Debug|Any CPU
		{D3539009-3233-47C6-A9A9-875A6798EA6F}.Debug|x64.ActiveCfg = Debug|Any CPU
		{D3539009-3233-47C6-A9A9-875A6798EA6F}.Debug|x64.Build.0 = Debug|Any CPU
		{D3539009-3233-47C6-A9A9-875A6798EA6F}.Debug|x86.ActiveCfg = Debug|Any CPU
		{D3539009-3233-47C6-A9A9-875A6798EA6F}.Debug|x86.Build.0 = Debug|Any CPU
		{D3539009-3233-47C6-A9A9-875A6798EA6F}.Release|Any CPU.ActiveCfg = Release|Any CPU
		{D3539009-3233-47C6-A9A9-875A6798EA6F}.Release|Any CPU.Build.0 = Release|Any CPU
		{D3539009-3233-47C6-A9A9-875A6798EA6F}.Release|x64.ActiveCfg = Release|Any CPU
		{D3539009-3233-47C6-A9A9-875A6798EA6F}.Release|x64.Build.0 = Release|Any CPU
		{D3539009-3233-47C6-A9A9-875A6798EA6F}.Release|x86.ActiveCfg = Release|Any CPU
		{D3539009-3233-47C6-A9A9-875A6798EA6F}.Release|x86.Build.0 = Release|Any CPU
		{54AF35BB-3CDA-4D13-A774-87A87345B6E1}.Debug|Any CPU.ActiveCfg = Debug|Any CPU
		{54AF35BB-3CDA-4D13-A774-87A87345B6E1}.Debug|Any CPU.Build.0 = Debug|Any CPU
		{54AF35BB-3CDA-4D13-A774-87A87345B6E1}.Debug|x64.ActiveCfg = Debug|Any CPU
		{54AF35BB-3CDA-4D13-A774-87A87345B6E1}.Debug|x64.Build.0 = Debug|Any CPU
		{54AF35BB-3CDA-4D13-A774-87A87345B6E1}.Debug|x86.ActiveCfg = Debug|Any CPU
		{54AF35BB-3CDA-4D13-A774-87A87345B6E1}.Debug|x86.Build.0 = Debug|Any CPU
		{54AF35BB-3CDA-4D13-A774-87A87345B6E1}.Release|Any CPU.ActiveCfg = Release|Any CPU
		{54AF35BB-3CDA-4D13-A774-87A87345B6E1}.Release|Any CPU.Build.0 = Release|Any CPU
		{54AF35BB-3CDA-4D13-A774-87A87345B6E1}.Release|x64.ActiveCfg = Release|Any CPU
		{54AF35BB-3CDA-4D13-A774-87A87345B6E1}.Release|x64.Build.0 = Release|Any CPU
		{54AF35BB-3CDA-4D13-A774-87A87345B6E1}.Release|x86.ActiveCfg = Release|Any CPU
		{54AF35BB-3CDA-4D13-A774-87A87345B6E1}.Release|x86.Build.0 = Release|Any CPU
		{116B5F0C-DF23-430B-B7D6-55B881DFCAEC}.Debug|Any CPU.ActiveCfg = Debug|Any CPU
		{116B5F0C-DF23-430B-B7D6-55B881DFCAEC}.Debug|Any CPU.Build.0 = Debug|Any CPU
		{116B5F0C-DF23-430B-B7D6-55B881DFCAEC}.Debug|x64.ActiveCfg = Debug|Any CPU
		{116B5F0C-DF23-430B-B7D6-55B881DFCAEC}.Debug|x64.Build.0 = Debug|Any CPU
		{116B5F0C-DF23-430B-B7D6-55B881DFCAEC}.Debug|x86.ActiveCfg = Debug|Any CPU
		{116B5F0C-DF23-430B-B7D6-55B881DFCAEC}.Debug|x86.Build.0 = Debug|Any CPU
		{116B5F0C-DF23-430B-B7D6-55B881DFCAEC}.Release|Any CPU.ActiveCfg = Release|Any CPU
		{116B5F0C-DF23-430B-B7D6-55B881DFCAEC}.Release|Any CPU.Build.0 = Release|Any CPU
		{116B5F0C-DF23-430B-B7D6-55B881DFCAEC}.Release|x64.ActiveCfg = Release|Any CPU
		{116B5F0C-DF23-430B-B7D6-55B881DFCAEC}.Release|x64.Build.0 = Release|Any CPU
		{116B5F0C-DF23-430B-B7D6-55B881DFCAEC}.Release|x86.ActiveCfg = Release|Any CPU
		{116B5F0C-DF23-430B-B7D6-55B881DFCAEC}.Release|x86.Build.0 = Release|Any CPU
		{E6F2DB32-076C-4F83-B504-C5143D9144A3}.Debug|Any CPU.ActiveCfg = Debug|Any CPU
		{E6F2DB32-076C-4F83-B504-C5143D9144A3}.Debug|Any CPU.Build.0 = Debug|Any CPU
		{E6F2DB32-076C-4F83-B504-C5143D9144A3}.Debug|x64.ActiveCfg = Debug|Any CPU
		{E6F2DB32-076C-4F83-B504-C5143D9144A3}.Debug|x64.Build.0 = Debug|Any CPU
		{E6F2DB32-076C-4F83-B504-C5143D9144A3}.Debug|x86.ActiveCfg = Debug|Any CPU
		{E6F2DB32-076C-4F83-B504-C5143D9144A3}.Debug|x86.Build.0 = Debug|Any CPU
		{E6F2DB32-076C-4F83-B504-C5143D9144A3}.Release|Any CPU.ActiveCfg = Release|Any CPU
		{E6F2DB32-076C-4F83-B504-C5143D9144A3}.Release|Any CPU.Build.0 = Release|Any CPU
		{E6F2DB32-076C-4F83-B504-C5143D9144A3}.Release|x64.ActiveCfg = Release|Any CPU
		{E6F2DB32-076C-4F83-B504-C5143D9144A3}.Release|x64.Build.0 = Release|Any CPU
		{E6F2DB32-076C-4F83-B504-C5143D9144A3}.Release|x86.ActiveCfg = Release|Any CPU
		{E6F2DB32-076C-4F83-B504-C5143D9144A3}.Release|x86.Build.0 = Release|Any CPU
	EndGlobalSection
	GlobalSection(NestedProjects) = preSolution
		{54AF35BB-3CDA-4D13-A774-87A87345B6E1} = {F1221359-4E80-42E5-90FA-D1EA465C9AA7}
		{C3F83BB6-E5B0-43AF-AB5C-7CBA12E1C381} = {F1221359-4E80-42E5-90FA-D1EA465C9AA7}
		{116B5F0C-DF23-430B-B7D6-55B881DFCAEC} = {C3F83BB6-E5B0-43AF-AB5C-7CBA12E1C381}
		{E6F2DB32-076C-4F83-B504-C5143D9144A3} = {C3F83BB6-E5B0-43AF-AB5C-7CBA12E1C381}
	EndGlobalSection
EndGlobal
