
Microsoft Visual Studio Solution File, Format Version 12.00
# Visual Studio 15
VisualStudioVersion = 15.0.26124.0
MinimumVisualStudioVersion = 15.0.26124.0
Project("{FAE04EC0-301F-11D3-BF4B-00C04F79EFBC}") = "RxStore", "RxStore\RxStore.csproj", "{D3539009-3233-47C6-A9A9-875A6798EA6F}"
EndProject
Project("{F2A71F9B-5D33-465A-A702-920D77279786}") = "RxStore.Entity", "RxStore.Entity\RxStore.Entity.fsproj", "{528697F1-76B1-4019-B00C-99BA57FA031C}"
EndProject
Project("{FAE04EC0-301F-11D3-BF4B-00C04F79EFBC}") = "RxStore.Blazor", "RxStore.Blazor\RxStore.Blazor.csproj", "{16675E7B-F2AA-4F37-89B9-564E42630F99}"
EndProject
Global
	GlobalSection(SolutionConfigurationPlatforms) = preSolution
		Debug|Any CPU = Debug|Any CPU
		Debug|x64 = Debug|x64
		Debug|x86 = Debug|x86
		Release|Any CPU = Release|Any CPU
		Release|x64 = Release|x64
		Release|x86 = Release|x86
	EndGlobalSection
	GlobalSection(SolutionProperties) = preSolution
		HideSolutionNode = FALSE
	EndGlobalSection
	GlobalSection(ProjectConfigurationPlatforms) = postSolution
		{D3539009-3233-47C6-A9A9-875A6798EA6F}.Debug|Any CPU.ActiveCfg = Debug|Any CPU
		{D3539009-3233-47C6-A9A9-875A6798EA6F}.Debug|Any CPU.Build.0 = Debug|Any CPU
		{D3539009-3233-47C6-A9A9-875A6798EA6F}.Debug|x64.ActiveCfg = Debug|Any CPU
		{D3539009-3233-47C6-A9A9-875A6798EA6F}.Debug|x64.Build.0 = Debug|Any CPU
		{D3539009-3233-47C6-A9A9-875A6798EA6F}.Debug|x86.ActiveCfg = Debug|Any CPU
		{D3539009-3233-47C6-A9A9-875A6798EA6F}.Debug|x86.Build.0 = Debug|Any CPU
		{D3539009-3233-47C6-A9A9-875A6798EA6F}.Release|Any CPU.ActiveCfg = Release|Any CPU
		{D3539009-3233-47C6-A9A9-875A6798EA6F}.Release|Any CPU.Build.0 = Release|Any CPU
		{D3539009-3233-47C6-A9A9-875A6798EA6F}.Release|x64.ActiveCfg = Release|Any CPU
		{D3539009-3233-47C6-A9A9-875A6798EA6F}.Release|x64.Build.0 = Release|Any CPU
		{D3539009-3233-47C6-A9A9-875A6798EA6F}.Release|x86.ActiveCfg = Release|Any CPU
		{D3539009-3233-47C6-A9A9-875A6798EA6F}.Release|x86.Build.0 = Release|Any CPU
		{528697F1-76B1-4019-B00C-99BA57FA031C}.Debug|Any CPU.ActiveCfg = Debug|Any CPU
		{528697F1-76B1-4019-B00C-99BA57FA031C}.Debug|Any CPU.Build.0 = Debug|Any CPU
		{528697F1-76B1-4019-B00C-99BA57FA031C}.Debug|x64.ActiveCfg = Debug|Any CPU
		{528697F1-76B1-4019-B00C-99BA57FA031C}.Debug|x64.Build.0 = Debug|Any CPU
		{528697F1-76B1-4019-B00C-99BA57FA031C}.Debug|x86.ActiveCfg = Debug|Any CPU
		{528697F1-76B1-4019-B00C-99BA57FA031C}.Debug|x86.Build.0 = Debug|Any CPU
		{528697F1-76B1-4019-B00C-99BA57FA031C}.Release|Any CPU.ActiveCfg = Release|Any CPU
		{528697F1-76B1-4019-B00C-99BA57FA031C}.Release|Any CPU.Build.0 = Release|Any CPU
		{528697F1-76B1-4019-B00C-99BA57FA031C}.Release|x64.ActiveCfg = Release|Any CPU
		{528697F1-76B1-4019-B00C-99BA57FA031C}.Release|x64.Build.0 = Release|Any CPU
		{528697F1-76B1-4019-B00C-99BA57FA031C}.Release|x86.ActiveCfg = Release|Any CPU
		{528697F1-76B1-4019-B00C-99BA57FA031C}.Release|x86.Build.0 = Release|Any CPU
		{16675E7B-F2AA-4F37-89B9-564E42630F99}.Debug|Any CPU.ActiveCfg = Debug|Any CPU
		{16675E7B-F2AA-4F37-89B9-564E42630F99}.Debug|Any CPU.Build.0 = Debug|Any CPU
		{16675E7B-F2AA-4F37-89B9-564E42630F99}.Debug|x64.ActiveCfg = Debug|Any CPU
		{16675E7B-F2AA-4F37-89B9-564E42630F99}.Debug|x64.Build.0 = Debug|Any CPU
		{16675E7B-F2AA-4F37-89B9-564E42630F99}.Debug|x86.ActiveCfg = Debug|Any CPU
		{16675E7B-F2AA-4F37-89B9-564E42630F99}.Debug|x86.Build.0 = Debug|Any CPU
		{16675E7B-F2AA-4F37-89B9-564E42630F99}.Release|Any CPU.ActiveCfg = Release|Any CPU
		{16675E7B-F2AA-4F37-89B9-564E42630F99}.Release|Any CPU.Build.0 = Release|Any CPU
		{16675E7B-F2AA-4F37-89B9-564E42630F99}.Release|x64.ActiveCfg = Release|Any CPU
		{16675E7B-F2AA-4F37-89B9-564E42630F99}.Release|x64.Build.0 = Release|Any CPU
		{16675E7B-F2AA-4F37-89B9-564E42630F99}.Release|x86.ActiveCfg = Release|Any CPU
		{16675E7B-F2AA-4F37-89B9-564E42630F99}.Release|x86.Build.0 = Release|Any CPU
	EndGlobalSection
EndGlobal
